
Microsoft Visual Studio Solution File, Format Version 12.00
# Visual Studio Version 16
VisualStudioVersion = 16.0.30114.105
MinimumVisualStudioVersion = 10.0.40219.1
Project("{FAE04EC0-301F-11D3-BF4B-00C04F79EFBC}") = "day6", "day6\day6.csproj", "{114DB4C5-21F5-4734-92B0-E92AA89906F9}"
EndProject
Project("{FAE04EC0-301F-11D3-BF4B-00C04F79EFBC}") = "day6part2", "day6part2\day6part2.csproj", "{F1DD872D-D101-4038-89DB-6CEF1B2C5240}"
EndProject
Project("{FAE04EC0-301F-11D3-BF4B-00C04F79EFBC}") = "day7", "day7\day7.csproj", "{125FBE01-AD0D-44B5-818A-2B06BB7F2619}"
EndProject
Project("{FAE04EC0-301F-11D3-BF4B-00C04F79EFBC}") = "day7part2", "day7part2\day7part2.csproj", "{0AC4371C-BF17-44B2-AF7A-16A4EA98BC28}"
EndProject
Project("{FAE04EC0-301F-11D3-BF4B-00C04F79EFBC}") = "day8", "day8\day8.csproj", "{BCD4989E-9BC5-4D38-8B30-47EFB70C3394}"
EndProject
Project("{FAE04EC0-301F-11D3-BF4B-00C04F79EFBC}") = "day8part2", "day8part2\day8part2.csproj", "{850E9D51-7FF2-4FE4-B8D5-DF9CF0686B62}"
EndProject
Project("{FAE04EC0-301F-11D3-BF4B-00C04F79EFBC}") = "day9", "day9\day9.csproj", "{2E65C258-86B2-48B7-A95A-59CF49C7633B}"
EndProject
Project("{FAE04EC0-301F-11D3-BF4B-00C04F79EFBC}") = "day9part2", "day9part2\day9part2.csproj", "{A91EEDEA-AF7A-43BB-A832-81BA33D60DE1}"
EndProject
Project("{FAE04EC0-301F-11D3-BF4B-00C04F79EFBC}") = "day10", "day10\day10.csproj", "{D99518FB-2230-48BA-B486-B3A2AD0C4AA4}"
EndProject
Project("{FAE04EC0-301F-11D3-BF4B-00C04F79EFBC}") = "day10part2", "day10part2\day10part2.csproj", "{503C50A9-BB0D-4640-BB6E-6DDD797D5D6D}"
EndProject
Global
	GlobalSection(SolutionConfigurationPlatforms) = preSolution
		Debug|Any CPU = Debug|Any CPU
		Debug|x64 = Debug|x64
		Debug|x86 = Debug|x86
		Release|Any CPU = Release|Any CPU
		Release|x64 = Release|x64
		Release|x86 = Release|x86
	EndGlobalSection
	GlobalSection(SolutionProperties) = preSolution
		HideSolutionNode = FALSE
	EndGlobalSection
	GlobalSection(ProjectConfigurationPlatforms) = postSolution
		{114DB4C5-21F5-4734-92B0-E92AA89906F9}.Debug|Any CPU.ActiveCfg = Debug|Any CPU
		{114DB4C5-21F5-4734-92B0-E92AA89906F9}.Debug|Any CPU.Build.0 = Debug|Any CPU
		{114DB4C5-21F5-4734-92B0-E92AA89906F9}.Debug|x64.ActiveCfg = Debug|Any CPU
		{114DB4C5-21F5-4734-92B0-E92AA89906F9}.Debug|x64.Build.0 = Debug|Any CPU
		{114DB4C5-21F5-4734-92B0-E92AA89906F9}.Debug|x86.ActiveCfg = Debug|Any CPU
		{114DB4C5-21F5-4734-92B0-E92AA89906F9}.Debug|x86.Build.0 = Debug|Any CPU
		{114DB4C5-21F5-4734-92B0-E92AA89906F9}.Release|Any CPU.ActiveCfg = Release|Any CPU
		{114DB4C5-21F5-4734-92B0-E92AA89906F9}.Release|Any CPU.Build.0 = Release|Any CPU
		{114DB4C5-21F5-4734-92B0-E92AA89906F9}.Release|x64.ActiveCfg = Release|Any CPU
		{114DB4C5-21F5-4734-92B0-E92AA89906F9}.Release|x64.Build.0 = Release|Any CPU
		{114DB4C5-21F5-4734-92B0-E92AA89906F9}.Release|x86.ActiveCfg = Release|Any CPU
		{114DB4C5-21F5-4734-92B0-E92AA89906F9}.Release|x86.Build.0 = Release|Any CPU
		{F1DD872D-D101-4038-89DB-6CEF1B2C5240}.Debug|Any CPU.ActiveCfg = Debug|Any CPU
		{F1DD872D-D101-4038-89DB-6CEF1B2C5240}.Debug|Any CPU.Build.0 = Debug|Any CPU
		{F1DD872D-D101-4038-89DB-6CEF1B2C5240}.Debug|x64.ActiveCfg = Debug|Any CPU
		{F1DD872D-D101-4038-89DB-6CEF1B2C5240}.Debug|x64.Build.0 = Debug|Any CPU
		{F1DD872D-D101-4038-89DB-6CEF1B2C5240}.Debug|x86.ActiveCfg = Debug|Any CPU
		{F1DD872D-D101-4038-89DB-6CEF1B2C5240}.Debug|x86.Build.0 = Debug|Any CPU
		{F1DD872D-D101-4038-89DB-6CEF1B2C5240}.Release|Any CPU.ActiveCfg = Release|Any CPU
		{F1DD872D-D101-4038-89DB-6CEF1B2C5240}.Release|Any CPU.Build.0 = Release|Any CPU
		{F1DD872D-D101-4038-89DB-6CEF1B2C5240}.Release|x64.ActiveCfg = Release|Any CPU
		{F1DD872D-D101-4038-89DB-6CEF1B2C5240}.Release|x64.Build.0 = Release|Any CPU
		{F1DD872D-D101-4038-89DB-6CEF1B2C5240}.Release|x86.ActiveCfg = Release|Any CPU
		{F1DD872D-D101-4038-89DB-6CEF1B2C5240}.Release|x86.Build.0 = Release|Any CPU
		{125FBE01-AD0D-44B5-818A-2B06BB7F2619}.Debug|Any CPU.ActiveCfg = Debug|Any CPU
		{125FBE01-AD0D-44B5-818A-2B06BB7F2619}.Debug|Any CPU.Build.0 = Debug|Any CPU
		{125FBE01-AD0D-44B5-818A-2B06BB7F2619}.Debug|x64.ActiveCfg = Debug|Any CPU
		{125FBE01-AD0D-44B5-818A-2B06BB7F2619}.Debug|x64.Build.0 = Debug|Any CPU
		{125FBE01-AD0D-44B5-818A-2B06BB7F2619}.Debug|x86.ActiveCfg = Debug|Any CPU
		{125FBE01-AD0D-44B5-818A-2B06BB7F2619}.Debug|x86.Build.0 = Debug|Any CPU
		{125FBE01-AD0D-44B5-818A-2B06BB7F2619}.Release|Any CPU.ActiveCfg = Release|Any CPU
		{125FBE01-AD0D-44B5-818A-2B06BB7F2619}.Release|Any CPU.Build.0 = Release|Any CPU
		{125FBE01-AD0D-44B5-818A-2B06BB7F2619}.Release|x64.ActiveCfg = Release|Any CPU
		{125FBE01-AD0D-44B5-818A-2B06BB7F2619}.Release|x64.Build.0 = Release|Any CPU
		{125FBE01-AD0D-44B5-818A-2B06BB7F2619}.Release|x86.ActiveCfg = Release|Any CPU
		{125FBE01-AD0D-44B5-818A-2B06BB7F2619}.Release|x86.Build.0 = Release|Any CPU
		{0AC4371C-BF17-44B2-AF7A-16A4EA98BC28}.Debug|Any CPU.ActiveCfg = Debug|Any CPU
		{0AC4371C-BF17-44B2-AF7A-16A4EA98BC28}.Debug|Any CPU.Build.0 = Debug|Any CPU
		{0AC4371C-BF17-44B2-AF7A-16A4EA98BC28}.Debug|x64.ActiveCfg = Debug|Any CPU
		{0AC4371C-BF17-44B2-AF7A-16A4EA98BC28}.Debug|x64.Build.0 = Debug|Any CPU
		{0AC4371C-BF17-44B2-AF7A-16A4EA98BC28}.Debug|x86.ActiveCfg = Debug|Any CPU
		{0AC4371C-BF17-44B2-AF7A-16A4EA98BC28}.Debug|x86.Build.0 = Debug|Any CPU
		{0AC4371C-BF17-44B2-AF7A-16A4EA98BC28}.Release|Any CPU.ActiveCfg = Release|Any CPU
		{0AC4371C-BF17-44B2-AF7A-16A4EA98BC28}.Release|Any CPU.Build.0 = Release|Any CPU
		{0AC4371C-BF17-44B2-AF7A-16A4EA98BC28}.Release|x64.ActiveCfg = Release|Any CPU
		{0AC4371C-BF17-44B2-AF7A-16A4EA98BC28}.Release|x64.Build.0 = Release|Any CPU
		{0AC4371C-BF17-44B2-AF7A-16A4EA98BC28}.Release|x86.ActiveCfg = Release|Any CPU
		{0AC4371C-BF17-44B2-AF7A-16A4EA98BC28}.Release|x86.Build.0 = Release|Any CPU
		{BCD4989E-9BC5-4D38-8B30-47EFB70C3394}.Debug|Any CPU.ActiveCfg = Debug|Any CPU
		{BCD4989E-9BC5-4D38-8B30-47EFB70C3394}.Debug|Any CPU.Build.0 = Debug|Any CPU
		{BCD4989E-9BC5-4D38-8B30-47EFB70C3394}.Debug|x64.ActiveCfg = Debug|Any CPU
		{BCD4989E-9BC5-4D38-8B30-47EFB70C3394}.Debug|x64.Build.0 = Debug|Any CPU
		{BCD4989E-9BC5-4D38-8B30-47EFB70C3394}.Debug|x86.ActiveCfg = Debug|Any CPU
		{BCD4989E-9BC5-4D38-8B30-47EFB70C3394}.Debug|x86.Build.0 = Debug|Any CPU
		{BCD4989E-9BC5-4D38-8B30-47EFB70C3394}.Release|Any CPU.ActiveCfg = Release|Any CPU
		{BCD4989E-9BC5-4D38-8B30-47EFB70C3394}.Release|Any CPU.Build.0 = Release|Any CPU
		{BCD4989E-9BC5-4D38-8B30-47EFB70C3394}.Release|x64.ActiveCfg = Release|Any CPU
		{BCD4989E-9BC5-4D38-8B30-47EFB70C3394}.Release|x64.Build.0 = Release|Any CPU
		{BCD4989E-9BC5-4D38-8B30-47EFB70C3394}.Release|x86.ActiveCfg = Release|Any CPU
		{BCD4989E-9BC5-4D38-8B30-47EFB70C3394}.Release|x86.Build.0 = Release|Any CPU
		{850E9D51-7FF2-4FE4-B8D5-DF9CF0686B62}.Debug|Any CPU.ActiveCfg = Debug|Any CPU
		{850E9D51-7FF2-4FE4-B8D5-DF9CF0686B62}.Debug|Any CPU.Build.0 = Debug|Any CPU
		{850E9D51-7FF2-4FE4-B8D5-DF9CF0686B62}.Debug|x64.ActiveCfg = Debug|Any CPU
		{850E9D51-7FF2-4FE4-B8D5-DF9CF0686B62}.Debug|x64.Build.0 = Debug|Any CPU
		{850E9D51-7FF2-4FE4-B8D5-DF9CF0686B62}.Debug|x86.ActiveCfg = Debug|Any CPU
		{850E9D51-7FF2-4FE4-B8D5-DF9CF0686B62}.Debug|x86.Build.0 = Debug|Any CPU
		{850E9D51-7FF2-4FE4-B8D5-DF9CF0686B62}.Release|Any CPU.ActiveCfg = Release|Any CPU
		{850E9D51-7FF2-4FE4-B8D5-DF9CF0686B62}.Release|Any CPU.Build.0 = Release|Any CPU
		{850E9D51-7FF2-4FE4-B8D5-DF9CF0686B62}.Release|x64.ActiveCfg = Release|Any CPU
		{850E9D51-7FF2-4FE4-B8D5-DF9CF0686B62}.Release|x64.Build.0 = Release|Any CPU
		{850E9D51-7FF2-4FE4-B8D5-DF9CF0686B62}.Release|x86.ActiveCfg = Release|Any CPU
		{850E9D51-7FF2-4FE4-B8D5-DF9CF0686B62}.Release|x86.Build.0 = Release|Any CPU
		{2E65C258-86B2-48B7-A95A-59CF49C7633B}.Debug|Any CPU.ActiveCfg = Debug|Any CPU
		{2E65C258-86B2-48B7-A95A-59CF49C7633B}.Debug|Any CPU.Build.0 = Debug|Any CPU
		{2E65C258-86B2-48B7-A95A-59CF49C7633B}.Debug|x64.ActiveCfg = Debug|Any CPU
		{2E65C258-86B2-48B7-A95A-59CF49C7633B}.Debug|x64.Build.0 = Debug|Any CPU
		{2E65C258-86B2-48B7-A95A-59CF49C7633B}.Debug|x86.ActiveCfg = Debug|Any CPU
		{2E65C258-86B2-48B7-A95A-59CF49C7633B}.Debug|x86.Build.0 = Debug|Any CPU
		{2E65C258-86B2-48B7-A95A-59CF49C7633B}.Release|Any CPU.ActiveCfg = Release|Any CPU
		{2E65C258-86B2-48B7-A95A-59CF49C7633B}.Release|Any CPU.Build.0 = Release|Any CPU
		{2E65C258-86B2-48B7-A95A-59CF49C7633B}.Release|x64.ActiveCfg = Release|Any CPU
		{2E65C258-86B2-48B7-A95A-59CF49C7633B}.Release|x64.Build.0 = Release|Any CPU
		{2E65C258-86B2-48B7-A95A-59CF49C7633B}.Release|x86.ActiveCfg = Release|Any CPU
		{2E65C258-86B2-48B7-A95A-59CF49C7633B}.Release|x86.Build.0 = Release|Any CPU
		{A91EEDEA-AF7A-43BB-A832-81BA33D60DE1}.Debug|Any CPU.ActiveCfg = Debug|Any CPU
		{A91EEDEA-AF7A-43BB-A832-81BA33D60DE1}.Debug|Any CPU.Build.0 = Debug|Any CPU
		{A91EEDEA-AF7A-43BB-A832-81BA33D60DE1}.Debug|x64.ActiveCfg = Debug|Any CPU
		{A91EEDEA-AF7A-43BB-A832-81BA33D60DE1}.Debug|x64.Build.0 = Debug|Any CPU
		{A91EEDEA-AF7A-43BB-A832-81BA33D60DE1}.Debug|x86.ActiveCfg = Debug|Any CPU
		{A91EEDEA-AF7A-43BB-A832-81BA33D60DE1}.Debug|x86.Build.0 = Debug|Any CPU
		{A91EEDEA-AF7A-43BB-A832-81BA33D60DE1}.Release|Any CPU.ActiveCfg = Release|Any CPU
		{A91EEDEA-AF7A-43BB-A832-81BA33D60DE1}.Release|Any CPU.Build.0 = Release|Any CPU
		{A91EEDEA-AF7A-43BB-A832-81BA33D60DE1}.Release|x64.ActiveCfg = Release|Any CPU
		{A91EEDEA-AF7A-43BB-A832-81BA33D60DE1}.Release|x64.Build.0 = Release|Any CPU
		{A91EEDEA-AF7A-43BB-A832-81BA33D60DE1}.Release|x86.ActiveCfg = Release|Any CPU
		{A91EEDEA-AF7A-43BB-A832-81BA33D60DE1}.Release|x86.Build.0 = Release|Any CPU
		{D99518FB-2230-48BA-B486-B3A2AD0C4AA4}.Debug|Any CPU.ActiveCfg = Debug|Any CPU
		{D99518FB-2230-48BA-B486-B3A2AD0C4AA4}.Debug|Any CPU.Build.0 = Debug|Any CPU
		{D99518FB-2230-48BA-B486-B3A2AD0C4AA4}.Debug|x64.ActiveCfg = Debug|Any CPU
		{D99518FB-2230-48BA-B486-B3A2AD0C4AA4}.Debug|x64.Build.0 = Debug|Any CPU
		{D99518FB-2230-48BA-B486-B3A2AD0C4AA4}.Debug|x86.ActiveCfg = Debug|Any CPU
		{D99518FB-2230-48BA-B486-B3A2AD0C4AA4}.Debug|x86.Build.0 = Debug|Any CPU
		{D99518FB-2230-48BA-B486-B3A2AD0C4AA4}.Release|Any CPU.ActiveCfg = Release|Any CPU
		{D99518FB-2230-48BA-B486-B3A2AD0C4AA4}.Release|Any CPU.Build.0 = Release|Any CPU
		{D99518FB-2230-48BA-B486-B3A2AD0C4AA4}.Release|x64.ActiveCfg = Release|Any CPU
		{D99518FB-2230-48BA-B486-B3A2AD0C4AA4}.Release|x64.Build.0 = Release|Any CPU
		{D99518FB-2230-48BA-B486-B3A2AD0C4AA4}.Release|x86.ActiveCfg = Release|Any CPU
		{D99518FB-2230-48BA-B486-B3A2AD0C4AA4}.Release|x86.Build.0 = Release|Any CPU
		{503C50A9-BB0D-4640-BB6E-6DDD797D5D6D}.Debug|Any CPU.ActiveCfg = Debug|Any CPU
		{503C50A9-BB0D-4640-BB6E-6DDD797D5D6D}.Debug|Any CPU.Build.0 = Debug|Any CPU
		{503C50A9-BB0D-4640-BB6E-6DDD797D5D6D}.Debug|x64.ActiveCfg = Debug|Any CPU
		{503C50A9-BB0D-4640-BB6E-6DDD797D5D6D}.Debug|x64.Build.0 = Debug|Any CPU
		{503C50A9-BB0D-4640-BB6E-6DDD797D5D6D}.Debug|x86.ActiveCfg = Debug|Any CPU
		{503C50A9-BB0D-4640-BB6E-6DDD797D5D6D}.Debug|x86.Build.0 = Debug|Any CPU
		{503C50A9-BB0D-4640-BB6E-6DDD797D5D6D}.Release|Any CPU.ActiveCfg = Release|Any CPU
		{503C50A9-BB0D-4640-BB6E-6DDD797D5D6D}.Release|Any CPU.Build.0 = Release|Any CPU
		{503C50A9-BB0D-4640-BB6E-6DDD797D5D6D}.Release|x64.ActiveCfg = Release|Any CPU
		{503C50A9-BB0D-4640-BB6E-6DDD797D5D6D}.Release|x64.Build.0 = Release|Any CPU
		{503C50A9-BB0D-4640-BB6E-6DDD797D5D6D}.Release|x86.ActiveCfg = Release|Any CPU
		{503C50A9-BB0D-4640-BB6E-6DDD797D5D6D}.Release|x86.Build.0 = Release|Any CPU
	EndGlobalSection
EndGlobal
